
Microsoft Visual Studio Solution File, Format Version 12.00
# Visual Studio Version 17
VisualStudioVersion = 17.11.35312.102
MinimumVisualStudioVersion = 10.0.40219.1
Project("{FAE04EC0-301F-11D3-BF4B-00C04F79EFBC}") = "Hammam_library", "Hammam_library\Hammam_library.csproj", "{2F6819E8-CA92-4E05-96E6-52BF7B171A49}"
EndProject
Global
	GlobalSection(SolutionConfigurationPlatforms) = preSolution
		Debug|Any CPU = Debug|Any CPU
		Release|Any CPU = Release|Any CPU
	EndGlobalSection
	GlobalSection(ProjectConfigurationPlatforms) = postSolution
		{2F6819E8-CA92-4E05-96E6-52BF7B171A49}.Debug|Any CPU.ActiveCfg = Debug|Any CPU
		{2F6819E8-CA92-4E05-96E6-52BF7B171A49}.Debug|Any CPU.Build.0 = Debug|Any CPU
		{2F6819E8-CA92-4E05-96E6-52BF7B171A49}.Release|Any CPU.ActiveCfg = Release|Any CPU
		{2F6819E8-CA92-4E05-96E6-52BF7B171A49}.Release|Any CPU.Build.0 = Release|Any CPU
	EndGlobalSection
	GlobalSection(SolutionProperties) = preSolution
		HideSolutionNode = FALSE
	EndGlobalSection
	GlobalSection(ExtensibilityGlobals) = postSolution
		SolutionGuid = {BAEE6682-32B2-4486-AF39-2FB2785C2EA5}
	EndGlobalSection
EndGlobal
